Microsoft Visual Studio Solution File, Format Version 12.00
# Visual Studio Version 17
VisualStudioVersion = 17.5.2.0
MinimumVisualStudioVersion = 10.0.40219.1
Project("{FAE04EC0-301F-11D3-BF4B-00C04F79EFBC}") = "NetCosmosServer", "NetCosmosServer.csproj", "{342973DE-B1EE-EF18-8521-AE3562365499}"
EndProject
Global
	GlobalSection(SolutionConfigurationPlatforms) = preSolution
		Debug|Any CPU = Debug|Any CPU
		Release|Any CPU = Release|Any CPU
	EndGlobalSection
	GlobalSection(ProjectConfigurationPlatforms) = postSolution
		{342973DE-B1EE-EF18-8521-AE3562365499}.Debug|Any CPU.ActiveCfg = Debug|Any CPU
		{342973DE-B1EE-EF18-8521-AE3562365499}.Debug|Any CPU.Build.0 = Debug|Any CPU
		{342973DE-B1EE-EF18-8521-AE3562365499}.Release|Any CPU.ActiveCfg = Release|Any CPU
		{342973DE-B1EE-EF18-8521-AE3562365499}.Release|Any CPU.Build.0 = Release|Any CPU
	EndGlobalSection
	GlobalSection(SolutionProperties) = preSolution
		HideSolutionNode = FALSE
	EndGlobalSection
	GlobalSection(ExtensibilityGlobals) = postSolution
		SolutionGuid = {6FEB5A81-3AA2-4E6C-AE8B-46316C0CB0EC}
	EndGlobalSection
EndGlobal
